
Microsoft Visual Studio Solution File, Format Version 12.00
# Visual Studio Version 17
VisualStudioVersion = 17.12.35514.174 d17.12
MinimumVisualStudioVersion = 10.0.40219.1
Project("{FAE04EC0-301F-11D3-BF4B-00C04F79EFBC}") = "MultiplayerPlusServer", "MultiplayerPlusServer\MultiplayerPlusServer.csproj", "{F548189B-2D12-4C66-A4AC-87B8F5CF3A7F}"
EndProject
Project("{FAE04EC0-301F-11D3-BF4B-00C04F79EFBC}") = "MultiplayerPlusCommon", "MultiplayerPlusCommon\MultiplayerPlusCommon.csproj", "{50C262D8-4DBD-4517-B56E-841C76722DB5}"
EndProject
Project("{FAE04EC0-301F-11D3-BF4B-00C04F79EFBC}") = "MultiplayerPlusClient", "MultiplayerPlusClient\MultiplayerPlusClient.csproj", "{511074BF-CC9C-4D62-A3B7-B993AB83051B}"
EndProject
Global
	GlobalSection(SolutionConfigurationPlatforms) = preSolution
		Debug|Any CPU = Debug|Any CPU
		Release|Any CPU = Release|Any CPU
	EndGlobalSection
	GlobalSection(ProjectConfigurationPlatforms) = postSolution
		{F548189B-2D12-4C66-A4AC-87B8F5CF3A7F}.Debug|Any CPU.ActiveCfg = Debug|Any CPU
		{F548189B-2D12-4C66-A4AC-87B8F5CF3A7F}.Debug|Any CPU.Build.0 = Debug|Any CPU
		{F548189B-2D12-4C66-A4AC-87B8F5CF3A7F}.Release|Any CPU.ActiveCfg = Release|Any CPU
		{F548189B-2D12-4C66-A4AC-87B8F5CF3A7F}.Release|Any CPU.Build.0 = Release|Any CPU
		{50C262D8-4DBD-4517-B56E-841C76722DB5}.Debug|Any CPU.ActiveCfg = Debug|Any CPU
		{50C262D8-4DBD-4517-B56E-841C76722DB5}.Debug|Any CPU.Build.0 = Debug|Any CPU
		{50C262D8-4DBD-4517-B56E-841C76722DB5}.Release|Any CPU.ActiveCfg = Release|Any CPU
		{50C262D8-4DBD-4517-B56E-841C76722DB5}.Release|Any CPU.Build.0 = Release|Any CPU
		{511074BF-CC9C-4D62-A3B7-B993AB83051B}.Debug|Any CPU.ActiveCfg = Debug|Any CPU
		{511074BF-CC9C-4D62-A3B7-B993AB83051B}.Debug|Any CPU.Build.0 = Debug|Any CPU
		{511074BF-CC9C-4D62-A3B7-B993AB83051B}.Release|Any CPU.ActiveCfg = Release|Any CPU
		{511074BF-CC9C-4D62-A3B7-B993AB83051B}.Release|Any CPU.Build.0 = Release|Any CPU
	EndGlobalSection
	GlobalSection(SolutionProperties) = preSolution
		HideSolutionNode = FALSE
	EndGlobalSection
EndGlobal
